
Microsoft Visual Studio Solution File, Format Version 12.00
# Visual Studio Version 17
VisualStudioVersion = 17.4.33213.308
MinimumVisualStudioVersion = 10.0.40219.1
Project("{9A19103F-16F7-4668-BE54-9A1E7A4F7556}") = "BulbOnOffProblem", "BulbOnOffProblem\BulbOnOffProblem.csproj", "{7AE0A879-1DA1-4F8B-BF6A-F8BA09FFF96B}"
EndProject
Project("{9A19103F-16F7-4668-BE54-9A1E7A4F7556}") = "MinimumNumberOfJumps", "MinimumNumberOfJumps\MinimumNumberOfJumps.csproj", "{6EEE048E-E136-4777-814D-8038DF0BB853}"
EndProject
Project("{9A19103F-16F7-4668-BE54-9A1E7A4F7556}") = "FindHighestProduct", "FindHighestProduct\FindHighestProduct.csproj", "{C809408A-D298-4D53-9977-72DCF923CCB4}"
EndProject
Project("{9A19103F-16F7-4668-BE54-9A1E7A4F7556}") = "MaximalDisjointIntervals", "MaximalDisjointIntervals\MaximalDisjointIntervals.csproj", "{F318AEFE-EACA-42D3-8AB8-BC4B912B40FD}"
EndProject
Project("{9A19103F-16F7-4668-BE54-9A1E7A4F7556}") = "LargestSwapPermutation", "LargestSwapPermutation\LargestSwapPermutation.csproj", "{944D2E76-FBA7-4324-9C22-16281F586F9A}"
EndProject
Project("{FAE04EC0-301F-11D3-BF4B-00C04F79EFBC}") = "MaxMeetingRoom", "MaxMeetingRoom\MaxMeetingRoom.csproj", "{7BADE35C-7468-40C4-9397-D076A6EA1BE5}"
EndProject
Global
	GlobalSection(SolutionConfigurationPlatforms) = preSolution
		Debug|Any CPU = Debug|Any CPU
		Release|Any CPU = Release|Any CPU
	EndGlobalSection
	GlobalSection(ProjectConfigurationPlatforms) = postSolution
		{7AE0A879-1DA1-4F8B-BF6A-F8BA09FFF96B}.Debug|Any CPU.ActiveCfg = Debug|Any CPU
		{7AE0A879-1DA1-4F8B-BF6A-F8BA09FFF96B}.Debug|Any CPU.Build.0 = Debug|Any CPU
		{7AE0A879-1DA1-4F8B-BF6A-F8BA09FFF96B}.Release|Any CPU.ActiveCfg = Release|Any CPU
		{7AE0A879-1DA1-4F8B-BF6A-F8BA09FFF96B}.Release|Any CPU.Build.0 = Release|Any CPU
		{6EEE048E-E136-4777-814D-8038DF0BB853}.Debug|Any CPU.ActiveCfg = Debug|Any CPU
		{6EEE048E-E136-4777-814D-8038DF0BB853}.Debug|Any CPU.Build.0 = Debug|Any CPU
		{6EEE048E-E136-4777-814D-8038DF0BB853}.Release|Any CPU.ActiveCfg = Release|Any CPU
		{6EEE048E-E136-4777-814D-8038DF0BB853}.Release|Any CPU.Build.0 = Release|Any CPU
		{C809408A-D298-4D53-9977-72DCF923CCB4}.Debug|Any CPU.ActiveCfg = Debug|Any CPU
		{C809408A-D298-4D53-9977-72DCF923CCB4}.Debug|Any CPU.Build.0 = Debug|Any CPU
		{C809408A-D298-4D53-9977-72DCF923CCB4}.Release|Any CPU.ActiveCfg = Release|Any CPU
		{C809408A-D298-4D53-9977-72DCF923CCB4}.Release|Any CPU.Build.0 = Release|Any CPU
		{F318AEFE-EACA-42D3-8AB8-BC4B912B40FD}.Debug|Any CPU.ActiveCfg = Debug|Any CPU
		{F318AEFE-EACA-42D3-8AB8-BC4B912B40FD}.Debug|Any CPU.Build.0 = Debug|Any CPU
		{F318AEFE-EACA-42D3-8AB8-BC4B912B40FD}.Release|Any CPU.ActiveCfg = Release|Any CPU
		{F318AEFE-EACA-42D3-8AB8-BC4B912B40FD}.Release|Any CPU.Build.0 = Release|Any CPU
		{944D2E76-FBA7-4324-9C22-16281F586F9A}.Debug|Any CPU.ActiveCfg = Debug|Any CPU
		{944D2E76-FBA7-4324-9C22-16281F586F9A}.Debug|Any CPU.Build.0 = Debug|Any CPU
		{944D2E76-FBA7-4324-9C22-16281F586F9A}.Release|Any CPU.ActiveCfg = Release|Any CPU
		{944D2E76-FBA7-4324-9C22-16281F586F9A}.Release|Any CPU.Build.0 = Release|Any CPU
		{7BADE35C-7468-40C4-9397-D076A6EA1BE5}.Debug|Any CPU.ActiveCfg = Debug|Any CPU
		{7BADE35C-7468-40C4-9397-D076A6EA1BE5}.Debug|Any CPU.Build.0 = Debug|Any CPU
		{7BADE35C-7468-40C4-9397-D076A6EA1BE5}.Release|Any CPU.ActiveCfg = Release|Any CPU
		{7BADE35C-7468-40C4-9397-D076A6EA1BE5}.Release|Any CPU.Build.0 = Release|Any CPU
	EndGlobalSection
	GlobalSection(SolutionProperties) = preSolution
		HideSolutionNode = FALSE
	EndGlobalSection
	GlobalSection(ExtensibilityGlobals) = postSolution
		SolutionGuid = {4F4404E1-924F-4CE4-994F-0C171D95CFD6}
	EndGlobalSection
EndGlobal
